
Microsoft Visual Studio Solution File, Format Version 12.00
# Visual Studio 15
VisualStudioVersion = 15.0.28307.329
MinimumVisualStudioVersion = 10.0.40219.1
Project("{FAE04EC0-301F-11D3-BF4B-00C04F79EFBC}") = "Agenda", "Agenda\Agenda.csproj", "{D6FF296C-4021-4A0C-AC79-EF30BE44B474}"
EndProject
Global
	GlobalSection(SolutionConfigurationPlatforms) = preSolution
		Debug|Any CPU = Debug|Any CPU
		Release|Any CPU = Release|Any CPU
	EndGlobalSection
	GlobalSection(ProjectConfigurationPlatforms) = postSolution
		{D6FF296C-4021-4A0C-AC79-EF30BE44B474}.Debug|Any CPU.ActiveCfg = Debug|Any CPU
		{D6FF296C-4021-4A0C-AC79-EF30BE44B474}.Debug|Any CPU.Build.0 = Debug|Any CPU
		{D6FF296C-4021-4A0C-AC79-EF30BE44B474}.Release|Any CPU.ActiveCfg = Release|Any CPU
		{D6FF296C-4021-4A0C-AC79-EF30BE44B474}.Release|Any CPU.Build.0 = Release|Any CPU
	EndGlobalSection
	GlobalSection(SolutionProperties) = preSolution
		HideSolutionNode = FALSE
	EndGlobalSection
	GlobalSection(ExtensibilityGlobals) = postSolution
		SolutionGuid = {2700F0B3-BFE7-404A-8338-8103980A8458}
	EndGlobalSection
EndGlobal
